
Microsoft Visual Studio Solution File, Format Version 12.00
# Visual Studio Version 16
VisualStudioVersion = 16.0.30002.166
MinimumVisualStudioVersion = 10.0.40219.1
Project("{9A19103F-16F7-4668-BE54-9A1E7A4F7556}") = "Activity0302_EFCoreNewDb", "Activity0302_EFCoreNewDb\Activity0302_EFCoreNewDb.csproj", "{EEFD2746-E983-43F7-ACF0-CD994414E2D8}"
EndProject
Project("{9A19103F-16F7-4668-BE54-9A1E7A4F7556}") = "InventoryDatabaseCore", "InventoryDatabaseCore\InventoryDatabaseCore.csproj", "{6CABB9E7-ABE8-451E-97A2-E6A4D06C3781}"
EndProject
Project("{9A19103F-16F7-4668-BE54-9A1E7A4F7556}") = "InventoryModels", "InventoryModels\InventoryModels.csproj", "{EE4740FC-F854-4A8D-A0E4-375AE3C01F1B}"
EndProject
Project("{FAE04EC0-301F-11D3-BF4B-00C04F79EFBC}") = "Activity0601_QuickCrud_Web", "Activity0601_QuickCrud_Web\Activity0601_QuickCrud_Web.csproj", "{E5CD943D-0890-4F29-83D5-CC23D7D2D8FF}"
EndProject
Project("{FAE04EC0-301F-11D3-BF4B-00C04F79EFBC}") = "InventoryDataMigrator", "InventoryDataMigrator\InventoryDataMigrator.csproj", "{D598B4C0-9C52-416C-A5E8-ADA9CA1B752A}"
EndProject
Global
	GlobalSection(SolutionConfigurationPlatforms) = preSolution
		Debug|Any CPU = Debug|Any CPU
		Release|Any CPU = Release|Any CPU
	EndGlobalSection
	GlobalSection(ProjectConfigurationPlatforms) = postSolution
		{EEFD2746-E983-43F7-ACF0-CD994414E2D8}.Debug|Any CPU.ActiveCfg = Debug|Any CPU
		{EEFD2746-E983-43F7-ACF0-CD994414E2D8}.Debug|Any CPU.Build.0 = Debug|Any CPU
		{EEFD2746-E983-43F7-ACF0-CD994414E2D8}.Release|Any CPU.ActiveCfg = Release|Any CPU
		{EEFD2746-E983-43F7-ACF0-CD994414E2D8}.Release|Any CPU.Build.0 = Release|Any CPU
		{6CABB9E7-ABE8-451E-97A2-E6A4D06C3781}.Debug|Any CPU.ActiveCfg = Debug|Any CPU
		{6CABB9E7-ABE8-451E-97A2-E6A4D06C3781}.Debug|Any CPU.Build.0 = Debug|Any CPU
		{6CABB9E7-ABE8-451E-97A2-E6A4D06C3781}.Release|Any CPU.ActiveCfg = Release|Any CPU
		{6CABB9E7-ABE8-451E-97A2-E6A4D06C3781}.Release|Any CPU.Build.0 = Release|Any CPU
		{EE4740FC-F854-4A8D-A0E4-375AE3C01F1B}.Debug|Any CPU.ActiveCfg = Debug|Any CPU
		{EE4740FC-F854-4A8D-A0E4-375AE3C01F1B}.Debug|Any CPU.Build.0 = Debug|Any CPU
		{EE4740FC-F854-4A8D-A0E4-375AE3C01F1B}.Release|Any CPU.ActiveCfg = Release|Any CPU
		{EE4740FC-F854-4A8D-A0E4-375AE3C01F1B}.Release|Any CPU.Build.0 = Release|Any CPU
		{E5CD943D-0890-4F29-83D5-CC23D7D2D8FF}.Debug|Any CPU.ActiveCfg = Debug|Any CPU
		{E5CD943D-0890-4F29-83D5-CC23D7D2D8FF}.Debug|Any CPU.Build.0 = Debug|Any CPU
		{E5CD943D-0890-4F29-83D5-CC23D7D2D8FF}.Release|Any CPU.ActiveCfg = Release|Any CPU
		{E5CD943D-0890-4F29-83D5-CC23D7D2D8FF}.Release|Any CPU.Build.0 = Release|Any CPU
		{D598B4C0-9C52-416C-A5E8-ADA9CA1B752A}.Debug|Any CPU.ActiveCfg = Debug|Any CPU
		{D598B4C0-9C52-416C-A5E8-ADA9CA1B752A}.Debug|Any CPU.Build.0 = Debug|Any CPU
		{D598B4C0-9C52-416C-A5E8-ADA9CA1B752A}.Release|Any CPU.ActiveCfg = Release|Any CPU
		{D598B4C0-9C52-416C-A5E8-ADA9CA1B752A}.Release|Any CPU.Build.0 = Release|Any CPU
	EndGlobalSection
	GlobalSection(SolutionProperties) = preSolution
		HideSolutionNode = FALSE
	EndGlobalSection
	GlobalSection(ExtensibilityGlobals) = postSolution
		SolutionGuid = {F6F8A6D6-04E5-4B21-A1FB-6464BC421F8D}
	EndGlobalSection
EndGlobal
